
Microsoft Visual Studio Solution File, Format Version 12.00
# Visual Studio Version 16
VisualStudioVersion = 16.0.30413.136
MinimumVisualStudioVersion = 10.0.40219.1
Project("{FAE04EC0-301F-11D3-BF4B-00C04F79EFBC}") = "SegyunGameServer", "SegyunGameServer\SegyunGameServer.csproj", "{7955F32A-56EA-4D52-A61C-8B99DC8FE3E8}"
EndProject
Project("{FAE04EC0-301F-11D3-BF4B-00C04F79EFBC}") = "NetworkServiceLibrary", "..\..\NetworkServiceLibrary\NetworkServiceLibrary\NetworkServiceLibrary\NetworkServiceLibrary\NetworkServiceLibrary.csproj", "{73F7EC95-B4FF-49DD-BAB9-4E77A6C0EAC1}"
EndProject
Global
	GlobalSection(SolutionConfigurationPlatforms) = preSolution
		Debug|Any CPU = Debug|Any CPU
		Release|Any CPU = Release|Any CPU
	EndGlobalSection
	GlobalSection(ProjectConfigurationPlatforms) = postSolution
		{7955F32A-56EA-4D52-A61C-8B99DC8FE3E8}.Debug|Any CPU.ActiveCfg = Debug|Any CPU
		{7955F32A-56EA-4D52-A61C-8B99DC8FE3E8}.Debug|Any CPU.Build.0 = Debug|Any CPU
		{7955F32A-56EA-4D52-A61C-8B99DC8FE3E8}.Release|Any CPU.ActiveCfg = Release|Any CPU
		{7955F32A-56EA-4D52-A61C-8B99DC8FE3E8}.Release|Any CPU.Build.0 = Release|Any CPU
		{73F7EC95-B4FF-49DD-BAB9-4E77A6C0EAC1}.Debug|Any CPU.ActiveCfg = Debug|Any CPU
		{73F7EC95-B4FF-49DD-BAB9-4E77A6C0EAC1}.Debug|Any CPU.Build.0 = Debug|Any CPU
		{73F7EC95-B4FF-49DD-BAB9-4E77A6C0EAC1}.Release|Any CPU.ActiveCfg = Release|Any CPU
		{73F7EC95-B4FF-49DD-BAB9-4E77A6C0EAC1}.Release|Any CPU.Build.0 = Release|Any CPU
	EndGlobalSection
	GlobalSection(SolutionProperties) = preSolution
		HideSolutionNode = FALSE
	EndGlobalSection
	GlobalSection(ExtensibilityGlobals) = postSolution
		SolutionGuid = {EA032897-5AF9-4519-9763-81765B8F31AE}
	EndGlobalSection
EndGlobal
